
Microsoft Visual Studio Solution File, Format Version 12.00
# Visual Studio Version 16
VisualStudioVersion = 16.0.29601.14
MinimumVisualStudioVersion = 10.0.40219.1
Project("{9A19103F-16F7-4668-BE54-9A1E7A4F7556}") = "PackageDownloadsExample", "PackageDownloadsExample.csproj", "{DD7D4290-AD5E-4B10-AD32-9BFA123E9FD2}"
EndProject
Global
	GlobalSection(SolutionConfigurationPlatforms) = preSolution
		Debug|Any CPU = Debug|Any CPU
		Release|Any CPU = Release|Any CPU
	EndGlobalSection
	GlobalSection(ProjectConfigurationPlatforms) = postSolution
		{DD7D4290-AD5E-4B10-AD32-9BFA123E9FD2}.Debug|Any CPU.ActiveCfg = Debug|Any CPU
		{DD7D4290-AD5E-4B10-AD32-9BFA123E9FD2}.Debug|Any CPU.Build.0 = Debug|Any CPU
		{DD7D4290-AD5E-4B10-AD32-9BFA123E9FD2}.Release|Any CPU.ActiveCfg = Release|Any CPU
		{DD7D4290-AD5E-4B10-AD32-9BFA123E9FD2}.Release|Any CPU.Build.0 = Release|Any CPU
	EndGlobalSection
	GlobalSection(SolutionProperties) = preSolution
		HideSolutionNode = FALSE
	EndGlobalSection
	GlobalSection(ExtensibilityGlobals) = postSolution
		SolutionGuid = {0FF0EB74-8F11-458C-9801-F65033D94B1E}
	EndGlobalSection
EndGlobal
