
Microsoft Visual Studio Solution File, Format Version 12.00
# Visual Studio 2012
Project("{2150E333-8FDC-42A3-9474-1A3956D46DE8}") = "PackageRepository", "PackageRepository", "{D862409E-0464-45E8-8408-BAEF7FD9CEEF}"
	ProjectSection(SolutionItems) = preProject
		PackageRepository\jQuery.1.6.1.nupkg = PackageRepository\jQuery.1.6.1.nupkg
		PackageRepository\PackageWithStrongNamedLib.1.1.nupkg = PackageRepository\PackageWithStrongNamedLib.1.1.nupkg
		PackageRepository\PackageWithStrongNamedLib.ja-jp.1.0.nupkg = PackageRepository\PackageWithStrongNamedLib.ja-jp.1.0.nupkg
	EndProjectSection
EndProject
Project("{FAE04EC0-301F-11D3-BF4B-00C04F79EFBC}") = "RegistryInstalled", "RegistryInstalled\RegistryInstalled.csproj", "{0EB72432-DF9C-44C3-A689-9B6AEBE8DB21}"
EndProject
Project("{FAE04EC0-301F-11D3-BF4B-00C04F79EFBC}") = "TemplatesExtension", "TemplatesExtension\TemplatesExtension.csproj", "{B73313E7-6F86-40D6-AA28-F7EC1DB88CAC}"
EndProject
Project("{FAE04EC0-301F-11D3-BF4B-00C04F79EFBC}") = "PackagesExtension", "PackagesExtension\PackagesExtension.csproj", "{13706B6D-90CE-4D7D-94C4-C3759ED158D3}"
EndProject
Project("{FAE04EC0-301F-11D3-BF4B-00C04F79EFBC}") = "VsixInstalledItemTemplate", "VsixInstalledItemTemplate\VsixInstalledItemTemplate.csproj", "{C115BB83-8512-4AB6-8C50-C1E1680B2248}"
EndProject
Global
	GlobalSection(SolutionConfigurationPlatforms) = preSolution
		Debug|Any CPU = Debug|Any CPU
		Release|Any CPU = Release|Any CPU
	EndGlobalSection
	GlobalSection(ProjectConfigurationPlatforms) = postSolution
		{0EB72432-DF9C-44C3-A689-9B6AEBE8DB21}.Debug|Any CPU.ActiveCfg = Debug|Any CPU
		{0EB72432-DF9C-44C3-A689-9B6AEBE8DB21}.Debug|Any CPU.Build.0 = Debug|Any CPU
		{0EB72432-DF9C-44C3-A689-9B6AEBE8DB21}.Release|Any CPU.ActiveCfg = Release|Any CPU
		{0EB72432-DF9C-44C3-A689-9B6AEBE8DB21}.Release|Any CPU.Build.0 = Release|Any CPU
		{B73313E7-6F86-40D6-AA28-F7EC1DB88CAC}.Debug|Any CPU.ActiveCfg = Debug|Any CPU
		{B73313E7-6F86-40D6-AA28-F7EC1DB88CAC}.Debug|Any CPU.Build.0 = Debug|Any CPU
		{B73313E7-6F86-40D6-AA28-F7EC1DB88CAC}.Release|Any CPU.ActiveCfg = Release|Any CPU
		{B73313E7-6F86-40D6-AA28-F7EC1DB88CAC}.Release|Any CPU.Build.0 = Release|Any CPU
		{13706B6D-90CE-4D7D-94C4-C3759ED158D3}.Debug|Any CPU.ActiveCfg = Debug|Any CPU
		{13706B6D-90CE-4D7D-94C4-C3759ED158D3}.Debug|Any CPU.Build.0 = Debug|Any CPU
		{13706B6D-90CE-4D7D-94C4-C3759ED158D3}.Release|Any CPU.ActiveCfg = Release|Any CPU
		{13706B6D-90CE-4D7D-94C4-C3759ED158D3}.Release|Any CPU.Build.0 = Release|Any CPU
		{C115BB83-8512-4AB6-8C50-C1E1680B2248}.Debug|Any CPU.ActiveCfg = Debug|Any CPU
		{C115BB83-8512-4AB6-8C50-C1E1680B2248}.Debug|Any CPU.Build.0 = Debug|Any CPU
		{C115BB83-8512-4AB6-8C50-C1E1680B2248}.Release|Any CPU.ActiveCfg = Release|Any CPU
		{C115BB83-8512-4AB6-8C50-C1E1680B2248}.Release|Any CPU.Build.0 = Release|Any CPU
	EndGlobalSection
	GlobalSection(SolutionProperties) = preSolution
		HideSolutionNode = FALSE
	EndGlobalSection
EndGlobal
