
Microsoft Visual Studio Solution File, Format Version 12.00
# Visual Studio 15
VisualStudioVersion = 15.0.26730.16
MinimumVisualStudioVersion = 10.0.40219.1
Project("{9A19103F-16F7-4668-BE54-9A1E7A4F7556}") = "NuGet.Samples.Interop", "NuGet.Samples.Interop.csproj", "{BA2057CD-1793-4A41-A2BB-2D2C9CE52445}"
EndProject
Global
	GlobalSection(SolutionConfigurationPlatforms) = preSolution
		Debug|Any CPU = Debug|Any CPU
		Release|Any CPU = Release|Any CPU
	EndGlobalSection
	GlobalSection(ProjectConfigurationPlatforms) = postSolution
		{BA2057CD-1793-4A41-A2BB-2D2C9CE52445}.Debug|Any CPU.ActiveCfg = Debug|Any CPU
		{BA2057CD-1793-4A41-A2BB-2D2C9CE52445}.Debug|Any CPU.Build.0 = Debug|Any CPU
		{BA2057CD-1793-4A41-A2BB-2D2C9CE52445}.Release|Any CPU.ActiveCfg = Release|Any CPU
		{BA2057CD-1793-4A41-A2BB-2D2C9CE52445}.Release|Any CPU.Build.0 = Release|Any CPU
	EndGlobalSection
	GlobalSection(SolutionProperties) = preSolution
		HideSolutionNode = FALSE
	EndGlobalSection
	GlobalSection(ExtensibilityGlobals) = postSolution
		SolutionGuid = {8D76C559-CD3E-47EF-BBB0-80BAAB0CE59D}
	EndGlobalSection
EndGlobal
