
Microsoft Visual Studio Solution File, Format Version 12.00
# Visual Studio Version 16
VisualStudioVersion = 16.0.29728.190
MinimumVisualStudioVersion = 10.0.40219.1
Project("{FAE04EC0-301F-11D3-BF4B-00C04F79EFBC}") = "NuGet.Protocol.Samples", "NuGet.Protocol.Samples.csproj", "{7D5AD726-C099-492E-884C-2A7E780082E2}"
EndProject
Global
	GlobalSection(SolutionConfigurationPlatforms) = preSolution
		Debug|Any CPU = Debug|Any CPU
		Release|Any CPU = Release|Any CPU
	EndGlobalSection
	GlobalSection(ProjectConfigurationPlatforms) = postSolution
		{7D5AD726-C099-492E-884C-2A7E780082E2}.Debug|Any CPU.ActiveCfg = Debug|Any CPU
		{7D5AD726-C099-492E-884C-2A7E780082E2}.Debug|Any CPU.Build.0 = Debug|Any CPU
		{7D5AD726-C099-492E-884C-2A7E780082E2}.Release|Any CPU.ActiveCfg = Release|Any CPU
		{7D5AD726-C099-492E-884C-2A7E780082E2}.Release|Any CPU.Build.0 = Release|Any CPU
	EndGlobalSection
	GlobalSection(SolutionProperties) = preSolution
		HideSolutionNode = FALSE
	EndGlobalSection
	GlobalSection(ExtensibilityGlobals) = postSolution
		SolutionGuid = {9D36A6AB-9AEC-43FE-9531-A6C9BBD84ED0}
	EndGlobalSection
EndGlobal
