
Microsoft Visual Studio Solution File, Format Version 12.00
# Visual Studio Version 17
VisualStudioVersion = 17.0.31521.260
MinimumVisualStudioVersion = 10.0.40219.1
Project("{9A19103F-16F7-4668-BE54-9A1E7A4F7556}") = "App1", "App1\App1.csproj", "{0216D2B7-5395-4CAA-9768-90F4889A0759}"
EndProject
Project("{9A19103F-16F7-4668-BE54-9A1E7A4F7556}") = "Lib1", "Lib1\Lib1.csproj", "{DD06161B-91CD-4258-AD12-4164BC3A30F8}"
EndProject
Project("{9A19103F-16F7-4668-BE54-9A1E7A4F7556}") = "Lib2", "Lib2\Lib2.csproj", "{7429162C-E541-4B34-9B28-D483B27F30FA}"
EndProject
Global
	GlobalSection(SolutionConfigurationPlatforms) = preSolution
		Debug|Any CPU = Debug|Any CPU
		Release|Any CPU = Release|Any CPU
	EndGlobalSection
	GlobalSection(ProjectConfigurationPlatforms) = postSolution
		{0216D2B7-5395-4CAA-9768-90F4889A0759}.Debug|Any CPU.ActiveCfg = Debug|Any CPU
		{0216D2B7-5395-4CAA-9768-90F4889A0759}.Debug|Any CPU.Build.0 = Debug|Any CPU
		{0216D2B7-5395-4CAA-9768-90F4889A0759}.Release|Any CPU.ActiveCfg = Release|Any CPU
		{0216D2B7-5395-4CAA-9768-90F4889A0759}.Release|Any CPU.Build.0 = Release|Any CPU
		{DD06161B-91CD-4258-AD12-4164BC3A30F8}.Debug|Any CPU.ActiveCfg = Debug|Any CPU
		{DD06161B-91CD-4258-AD12-4164BC3A30F8}.Debug|Any CPU.Build.0 = Debug|Any CPU
		{DD06161B-91CD-4258-AD12-4164BC3A30F8}.Release|Any CPU.ActiveCfg = Release|Any CPU
		{DD06161B-91CD-4258-AD12-4164BC3A30F8}.Release|Any CPU.Build.0 = Release|Any CPU
		{7429162C-E541-4B34-9B28-D483B27F30FA}.Debug|Any CPU.ActiveCfg = Debug|Any CPU
		{7429162C-E541-4B34-9B28-D483B27F30FA}.Debug|Any CPU.Build.0 = Debug|Any CPU
		{7429162C-E541-4B34-9B28-D483B27F30FA}.Release|Any CPU.ActiveCfg = Release|Any CPU
		{7429162C-E541-4B34-9B28-D483B27F30FA}.Release|Any CPU.Build.0 = Release|Any CPU
	EndGlobalSection
	GlobalSection(SolutionProperties) = preSolution
		HideSolutionNode = FALSE
	EndGlobalSection
	GlobalSection(ExtensibilityGlobals) = postSolution
		SolutionGuid = {37278848-4183-482B-BF8C-DF70CC0F6882}
	EndGlobalSection
EndGlobal
