
Microsoft Visual Studio Solution File, Format Version 12.00
# Visual Studio 15
VisualStudioVersion = 15.0.27016.1
MinimumVisualStudioVersion = 10.0.40219.1
Project("{9A19103F-16F7-4668-BE54-9A1E7A4F7556}") = "CatalogReaderExample", "CatalogReaderExample\CatalogReaderExample.csproj", "{B1DF62AC-4D9F-475A-951D-890F8E0CBBED}"
EndProject
Project("{9A19103F-16F7-4668-BE54-9A1E7A4F7556}") = "NuGet.Protocol.Catalog.Sample", "NuGet.Protocol.Catalog.Sample\NuGet.Protocol.Catalog.Sample.csproj", "{F4CFA39E-98EB-499E-946A-C7233812D1BA}"
EndProject
Global
	GlobalSection(SolutionConfigurationPlatforms) = preSolution
		Debug|Any CPU = Debug|Any CPU
		Release|Any CPU = Release|Any CPU
	EndGlobalSection
	GlobalSection(ProjectConfigurationPlatforms) = postSolution
		{B1DF62AC-4D9F-475A-951D-890F8E0CBBED}.Debug|Any CPU.ActiveCfg = Debug|Any CPU
		{B1DF62AC-4D9F-475A-951D-890F8E0CBBED}.Debug|Any CPU.Build.0 = Debug|Any CPU
		{B1DF62AC-4D9F-475A-951D-890F8E0CBBED}.Release|Any CPU.ActiveCfg = Release|Any CPU
		{B1DF62AC-4D9F-475A-951D-890F8E0CBBED}.Release|Any CPU.Build.0 = Release|Any CPU
		{F4CFA39E-98EB-499E-946A-C7233812D1BA}.Debug|Any CPU.ActiveCfg = Debug|Any CPU
		{F4CFA39E-98EB-499E-946A-C7233812D1BA}.Debug|Any CPU.Build.0 = Debug|Any CPU
		{F4CFA39E-98EB-499E-946A-C7233812D1BA}.Release|Any CPU.ActiveCfg = Release|Any CPU
		{F4CFA39E-98EB-499E-946A-C7233812D1BA}.Release|Any CPU.Build.0 = Release|Any CPU
	EndGlobalSection
	GlobalSection(SolutionProperties) = preSolution
		HideSolutionNode = FALSE
	EndGlobalSection
	GlobalSection(ExtensibilityGlobals) = postSolution
		SolutionGuid = {E9002FFB-3097-4522-8DC2-1EAA2F437D74}
	EndGlobalSection
EndGlobal
